{
  "name": "src",
  "lockfileVersion": 3,
  "requires": true,
  "packages": {
    "": {
      "dependencies": {
        "flask": "^0.2.10",
        "pyinstaller": "^0.0.1"
      }
    },
    "node_modules/flask": {
      "version": "0.2.10",
      "resolved": "https://registry.npmjs.org/flask/-/flask-0.2.10.tgz",
      "integrity": "sha512-Zy69KIuFsoX0o2W5uDHHk1GHMwRT8QT0AboPQY7b1soCfJ2pfwKxHF2AGVwJmDUjzawgOavoY/UsXnZ7fk3lVQ=="
    },
    "node_modules/pyinstaller": {
      "version": "0.0.1",
      "resolved": "https://registry.npmjs.org/pyinstaller/-/pyinstaller-0.0.1.tgz",
      "integrity": "sha512-LHHJjS/wHhACnVVvgSVuNayEvuKHX+ujjyfhrsnhZ4PonlbH3b+INB/QBn3r2ftry6qq2e5caXA8RrqGJVDCnw=="
    }
  }
}
